
Microsoft Visual Studio Solution File, Format Version 12.00
# Visual Studio 2012
Project("{FAE04EC0-301F-11D3-BF4B-00C04F79EFBC}") = "PCMS", "PCMS\PCMS.csproj", "{AB073164-255D-404D-8A01-5AB34511EF5F}"
EndProject
Project("{FAE04EC0-301F-11D3-BF4B-00C04F79EFBC}") = "PCMS.Tests", "PCMS.Tests\PCMS.Tests.csproj", "{1914694B-9160-48F0-8892-6055CBF16D7F}"
EndProject
Project("{FAE04EC0-301F-11D3-BF4B-00C04F79EFBC}") = "PCMS_Library", "PCMS_Library\PCMS_Library.csproj", "{C54D7DE0-2BD7-45D6-98EB-029E5AEB5833}"
EndProject
Project("{FAE04EC0-301F-11D3-BF4B-00C04F79EFBC}") = "pcsm_Utilities", "pcsm_Utilities\pcsm_Utilities.csproj", "{23B37D1F-486B-49B8-9643-3CDFAE2C2D2C}"
EndProject
Global
	GlobalSection(SolutionConfigurationPlatforms) = preSolution
		Debug|Any CPU = Debug|Any CPU
		Release|Any CPU = Release|Any CPU
	EndGlobalSection
	GlobalSection(ProjectConfigurationPlatforms) = postSolution
		{AB073164-255D-404D-8A01-5AB34511EF5F}.Debug|Any CPU.ActiveCfg = Debug|Any CPU
		{AB073164-255D-404D-8A01-5AB34511EF5F}.Debug|Any CPU.Build.0 = Debug|Any CPU
		{AB073164-255D-404D-8A01-5AB34511EF5F}.Release|Any CPU.ActiveCfg = Release|Any CPU
		{AB073164-255D-404D-8A01-5AB34511EF5F}.Release|Any CPU.Build.0 = Release|Any CPU
		{1914694B-9160-48F0-8892-6055CBF16D7F}.Debug|Any CPU.ActiveCfg = Debug|Any CPU
		{1914694B-9160-48F0-8892-6055CBF16D7F}.Debug|Any CPU.Build.0 = Debug|Any CPU
		{1914694B-9160-48F0-8892-6055CBF16D7F}.Release|Any CPU.ActiveCfg = Release|Any CPU
		{1914694B-9160-48F0-8892-6055CBF16D7F}.Release|Any CPU.Build.0 = Release|Any CPU
		{C54D7DE0-2BD7-45D6-98EB-029E5AEB5833}.Debug|Any CPU.ActiveCfg = Debug|Any CPU
		{C54D7DE0-2BD7-45D6-98EB-029E5AEB5833}.Debug|Any CPU.Build.0 = Debug|Any CPU
		{C54D7DE0-2BD7-45D6-98EB-029E5AEB5833}.Release|Any CPU.ActiveCfg = Release|Any CPU
		{C54D7DE0-2BD7-45D6-98EB-029E5AEB5833}.Release|Any CPU.Build.0 = Release|Any CPU
		{23B37D1F-486B-49B8-9643-3CDFAE2C2D2C}.Debug|Any CPU.ActiveCfg = Debug|Any CPU
		{23B37D1F-486B-49B8-9643-3CDFAE2C2D2C}.Debug|Any CPU.Build.0 = Debug|Any CPU
		{23B37D1F-486B-49B8-9643-3CDFAE2C2D2C}.Release|Any CPU.ActiveCfg = Release|Any CPU
		{23B37D1F-486B-49B8-9643-3CDFAE2C2D2C}.Release|Any CPU.Build.0 = Release|Any CPU
	EndGlobalSection
	GlobalSection(SolutionProperties) = preSolution
		HideSolutionNode = FALSE
	EndGlobalSection
EndGlobal
